
Microsoft Visual Studio Solution File, Format Version 12.00
# Visual Studio Version 16
VisualStudioVersion = 16.0.31729.503
MinimumVisualStudioVersion = 10.0.40219.1
Project("{FAE04EC0-301F-11D3-BF4B-00C04F79EFBC}") = "ConsoleAppHW", "ConsoleAppHW\ConsoleAppHW.csproj", "{A76AD885-CFC8-4A4F-8321-803C7E971F84}"
EndProject
Global
	GlobalSection(SolutionConfigurationPlatforms) = preSolution
		Debug|Any CPU = Debug|Any CPU
		Release|Any CPU = Release|Any CPU
	EndGlobalSection
	GlobalSection(ProjectConfigurationPlatforms) = postSolution
		{A76AD885-CFC8-4A4F-8321-803C7E971F84}.Debug|Any CPU.ActiveCfg = Debug|Any CPU
		{A76AD885-CFC8-4A4F-8321-803C7E971F84}.Debug|Any CPU.Build.0 = Debug|Any CPU
		{A76AD885-CFC8-4A4F-8321-803C7E971F84}.Release|Any CPU.ActiveCfg = Release|Any CPU
		{A76AD885-CFC8-4A4F-8321-803C7E971F84}.Release|Any CPU.Build.0 = Release|Any CPU
	EndGlobalSection
	GlobalSection(SolutionProperties) = preSolution
		HideSolutionNode = FALSE
	EndGlobalSection
	GlobalSection(ExtensibilityGlobals) = postSolution
		SolutionGuid = {411AFDFB-5F01-426C-8DA2-D9F90F045FA7}
	EndGlobalSection
EndGlobal
